{
    "name": "mmap-io",
    "version": "1.1.7-lum.1",
    "lockfileVersion": 3,
    "requires": true,
    "packages": {
        "": {
            "name": "mmap-io",
            "version": "1.1.7-lum.1",
            "hasInstallScript": true,
            "license": "MIT",
            "dependencies": {
                "bindings": "^1.5.0",
                "errno": "*",
                "nan": "^2.17.0"
            },
            "devDependencies": {
                "@types/node": "^11.10.5",
                "livescript": "^1.6.0",
                "typescript": "^3.5.3"
            }
        },
        "node_modules/@types/node": {
            "version": "11.13.0",
            "dev": true,
            "license": "MIT"
        },
        "node_modules/bindings": {
            "version": "1.5.0",
            "license": "MIT",
            "dependencies": {
                "file-uri-to-path": "1.0.0"
            }
        },
        "node_modules/buffer-from": {
            "version": "1.1.2",
            "dev": true,
            "license": "MIT"
        },
        "node_modules/deep-is": {
            "version": "0.1.4",
            "dev": true,
            "license": "MIT"
        },
        "node_modules/errno": {
            "version": "0.1.7",
            "license": "MIT",
            "dependencies": {
                "prr": "~1.0.1"
            },
            "bin": {
                "errno": "cli.js"
            }
        },
        "node_modules/fast-levenshtein": {
            "version": "2.0.6",
            "dev": true,
            "license": "MIT"
        },
        "node_modules/file-uri-to-path": {
            "version": "1.0.0",
            "license": "MIT"
        },
        "node_modules/levn": {
            "version": "0.3.0",
            "dev": true,
            "license": "MIT",
            "dependencies": {
                "prelude-ls": "~1.1.2",
                "type-check": "~0.3.2"
            },
            "engines": {
                "node": ">= 0.8.0"
            }
        },
        "node_modules/livescript": {
            "version": "1.6.0",
            "dev": true,
            "license": "MIT",
            "dependencies": {
                "optionator": "~0.8.2",
                "prelude-ls": "~1.1.2",
                "source-map": "=0.6.1",
                "source-map-support": "=0.5.6"
            },
            "bin": {
                "lsc": "bin/lsc"
            },
            "engines": {
                "node": ">= 0.8.0"
            }
        },
        "node_modules/nan": {
            "version": "2.17.0",
            "license": "MIT"
        },
        "node_modules/optionator": {
            "version": "0.8.3",
            "dev": true,
            "license": "MIT",
            "dependencies": {
                "deep-is": "~0.1.3",
                "fast-levenshtein": "~2.0.6",
                "levn": "~0.3.0",
                "prelude-ls": "~1.1.2",
                "type-check": "~0.3.2",
                "word-wrap": "~1.2.3"
            },
            "engines": {
                "node": ">= 0.8.0"
            }
        },
        "node_modules/prelude-ls": {
            "version": "1.1.2",
            "dev": true,
            "engines": {
                "node": ">= 0.8.0"
            }
        },
        "node_modules/prr": {
            "version": "1.0.1",
            "license": "MIT"
        },
        "node_modules/source-map": {
            "version": "0.6.1",
            "dev": true,
            "license": "BSD-3-Clause",
            "engines": {
                "node": ">=0.10.0"
            }
        },
        "node_modules/source-map-support": {
            "version": "0.5.6",
            "dev": true,
            "license": "MIT",
            "dependencies": {
                "buffer-from": "^1.0.0",
                "source-map": "^0.6.0"
            }
        },
        "node_modules/type-check": {
            "version": "0.3.2",
            "dev": true,
            "license": "MIT",
            "dependencies": {
                "prelude-ls": "~1.1.2"
            },
            "engines": {
                "node": ">= 0.8.0"
            }
        },
        "node_modules/typescript": {
            "version": "3.5.3",
            "dev": true,
            "license": "Apache-2.0",
            "bin": {
                "tsc": "bin/tsc",
                "tsserver": "bin/tsserver"
            },
            "engines": {
                "node": ">=4.2.0"
            }
        },
        "node_modules/word-wrap": {
            "version": "1.2.3",
            "dev": true,
            "license": "MIT",
            "engines": {
                "node": ">=0.10.0"
            }
        }
    }
}
